
Microsoft Visual Studio Solution File, Format Version 12.00
# Visual Studio Version 17
VisualStudioVersion = 17.8.34525.116
MinimumVisualStudioVersion = 10.0.40219.1
Project("{FAE04EC0-301F-11D3-BF4B-00C04F79EFBC}") = "RecipesUDPServer", "RecipesUDPServer\RecipesUDPServer.csproj", "{074D4D0F-A9C9-4F70-9516-7B5E85C50FE1}"
EndProject
Project("{FAE04EC0-301F-11D3-BF4B-00C04F79EFBC}") = "RecipesUDPClient", "RecipesUDPClient\RecipesUDPClient.csproj", "{7D0B132F-A20E-4493-AFBE-177E858196CF}"
EndProject
Project("{FAE04EC0-301F-11D3-BF4B-00C04F79EFBC}") = "RecipesLibrary", "RecipesLibrary\RecipesLibrary.csproj", "{D82BAED6-4398-49F0-9C31-25C5DA280D32}"
EndProject
Global
	GlobalSection(SolutionConfigurationPlatforms) = preSolution
		Debug|Any CPU = Debug|Any CPU
		Release|Any CPU = Release|Any CPU
	EndGlobalSection
	GlobalSection(ProjectConfigurationPlatforms) = postSolution
		{074D4D0F-A9C9-4F70-9516-7B5E85C50FE1}.Debug|Any CPU.ActiveCfg = Debug|Any CPU
		{074D4D0F-A9C9-4F70-9516-7B5E85C50FE1}.Debug|Any CPU.Build.0 = Debug|Any CPU
		{074D4D0F-A9C9-4F70-9516-7B5E85C50FE1}.Release|Any CPU.ActiveCfg = Release|Any CPU
		{074D4D0F-A9C9-4F70-9516-7B5E85C50FE1}.Release|Any CPU.Build.0 = Release|Any CPU
		{7D0B132F-A20E-4493-AFBE-177E858196CF}.Debug|Any CPU.ActiveCfg = Debug|Any CPU
		{7D0B132F-A20E-4493-AFBE-177E858196CF}.Debug|Any CPU.Build.0 = Debug|Any CPU
		{7D0B132F-A20E-4493-AFBE-177E858196CF}.Release|Any CPU.ActiveCfg = Release|Any CPU
		{7D0B132F-A20E-4493-AFBE-177E858196CF}.Release|Any CPU.Build.0 = Release|Any CPU
		{D82BAED6-4398-49F0-9C31-25C5DA280D32}.Debug|Any CPU.ActiveCfg = Debug|Any CPU
		{D82BAED6-4398-49F0-9C31-25C5DA280D32}.Debug|Any CPU.Build.0 = Debug|Any CPU
		{D82BAED6-4398-49F0-9C31-25C5DA280D32}.Release|Any CPU.ActiveCfg = Release|Any CPU
		{D82BAED6-4398-49F0-9C31-25C5DA280D32}.Release|Any CPU.Build.0 = Release|Any CPU
	EndGlobalSection
	GlobalSection(SolutionProperties) = preSolution
		HideSolutionNode = FALSE
	EndGlobalSection
	GlobalSection(ExtensibilityGlobals) = postSolution
		SolutionGuid = {092A6BFA-CD3A-4059-8BF1-850463DD78F1}
	EndGlobalSection
EndGlobal
